
Microsoft Visual Studio Solution File, Format Version 12.00
# Visual Studio 2017
Project("{FAE04EC0-301F-11D3-BF4B-00C04F79EFBC}") = "Major", "Major.csproj", "{254D33AD-73D5-465B-DA1D-91D423015D6B}"
EndProject
Global
	GlobalSection(SolutionConfigurationPlatforms) = preSolution
		Debug|Any CPU = Debug|Any CPU
		Release|Any CPU = Release|Any CPU
	EndGlobalSection
	GlobalSection(ProjectConfigurationPlatforms) = postSolution
		{254D33AD-73D5-465B-DA1D-91D423015D6B}.Debug|Any CPU.ActiveCfg = Debug|Any CPU
		{254D33AD-73D5-465B-DA1D-91D423015D6B}.Debug|Any CPU.Build.0 = Debug|Any CPU
		{254D33AD-73D5-465B-DA1D-91D423015D6B}.Release|Any CPU.ActiveCfg = Release|Any CPU
		{254D33AD-73D5-465B-DA1D-91D423015D6B}.Release|Any CPU.Build.0 = Release|Any CPU
	EndGlobalSection
	GlobalSection(SolutionProperties) = preSolution
		HideSolutionNode = FALSE
	EndGlobalSection
EndGlobal
